
Microsoft Visual Studio Solution File, Format Version 12.00
# Visual Studio Version 16
VisualStudioVersion = 16.0.31424.327
MinimumVisualStudioVersion = 10.0.40219.1
Project("{FAE04EC0-301F-11D3-BF4B-00C04F79EFBC}") = "loggProject", "loggProject\loggProject.csproj", "{D7D4F680-5E95-44AF-9A8B-5EB4072CE150}"
EndProject
Project("{FAE04EC0-301F-11D3-BF4B-00C04F79EFBC}") = "School", "School\School.csproj", "{E9555A2A-7B6C-4339-B831-B41F4F353970}"
EndProject
Project("{FAE04EC0-301F-11D3-BF4B-00C04F79EFBC}") = "DemoProject", "DemoProject\DemoProject.csproj", "{C0CCA2E0-ACCA-42D0-BB18-765B95A7E310}"
EndProject
Project("{FAE04EC0-301F-11D3-BF4B-00C04F79EFBC}") = "SchoolManagementSystem", "SchoolManagementSystem\SchoolManagementSystem.csproj", "{F200388A-8234-43F9-A038-5AA385EE8ACF}"
EndProject
Project("{FAE04EC0-301F-11D3-BF4B-00C04F79EFBC}") = "CollegeManagement", "CollegeManagement\CollegeManagement.csproj", "{6F1088D8-3172-4679-8F68-62B3F066A28B}"
EndProject
Global
	GlobalSection(SolutionConfigurationPlatforms) = preSolution
		Debug|Any CPU = Debug|Any CPU
		Release|Any CPU = Release|Any CPU
	EndGlobalSection
	GlobalSection(ProjectConfigurationPlatforms) = postSolution
		{D7D4F680-5E95-44AF-9A8B-5EB4072CE150}.Debug|Any CPU.ActiveCfg = Debug|Any CPU
		{D7D4F680-5E95-44AF-9A8B-5EB4072CE150}.Debug|Any CPU.Build.0 = Debug|Any CPU
		{D7D4F680-5E95-44AF-9A8B-5EB4072CE150}.Release|Any CPU.ActiveCfg = Release|Any CPU
		{D7D4F680-5E95-44AF-9A8B-5EB4072CE150}.Release|Any CPU.Build.0 = Release|Any CPU
		{E9555A2A-7B6C-4339-B831-B41F4F353970}.Debug|Any CPU.ActiveCfg = Debug|Any CPU
		{E9555A2A-7B6C-4339-B831-B41F4F353970}.Debug|Any CPU.Build.0 = Debug|Any CPU
		{E9555A2A-7B6C-4339-B831-B41F4F353970}.Release|Any CPU.ActiveCfg = Release|Any CPU
		{E9555A2A-7B6C-4339-B831-B41F4F353970}.Release|Any CPU.Build.0 = Release|Any CPU
		{C0CCA2E0-ACCA-42D0-BB18-765B95A7E310}.Debug|Any CPU.ActiveCfg = Debug|Any CPU
		{C0CCA2E0-ACCA-42D0-BB18-765B95A7E310}.Debug|Any CPU.Build.0 = Debug|Any CPU
		{C0CCA2E0-ACCA-42D0-BB18-765B95A7E310}.Release|Any CPU.ActiveCfg = Release|Any CPU
		{C0CCA2E0-ACCA-42D0-BB18-765B95A7E310}.Release|Any CPU.Build.0 = Release|Any CPU
		{F200388A-8234-43F9-A038-5AA385EE8ACF}.Debug|Any CPU.ActiveCfg = Debug|Any CPU
		{F200388A-8234-43F9-A038-5AA385EE8ACF}.Debug|Any CPU.Build.0 = Debug|Any CPU
		{F200388A-8234-43F9-A038-5AA385EE8ACF}.Release|Any CPU.ActiveCfg = Release|Any CPU
		{F200388A-8234-43F9-A038-5AA385EE8ACF}.Release|Any CPU.Build.0 = Release|Any CPU
		{6F1088D8-3172-4679-8F68-62B3F066A28B}.Debug|Any CPU.ActiveCfg = Debug|Any CPU
		{6F1088D8-3172-4679-8F68-62B3F066A28B}.Debug|Any CPU.Build.0 = Debug|Any CPU
		{6F1088D8-3172-4679-8F68-62B3F066A28B}.Release|Any CPU.ActiveCfg = Release|Any CPU
		{6F1088D8-3172-4679-8F68-62B3F066A28B}.Release|Any CPU.Build.0 = Release|Any CPU
	EndGlobalSection
	GlobalSection(SolutionProperties) = preSolution
		HideSolutionNode = FALSE
	EndGlobalSection
	GlobalSection(ExtensibilityGlobals) = postSolution
		SolutionGuid = {E1E3BD87-006B-4281-83E6-9DFE579AB28B}
	EndGlobalSection
EndGlobal
